<?xml version="1.0" encoding="utf-8"?>
<Project ToolsVersion="4.0" xmlns="http://schemas.microsoft.com/developer/msbuild/2003">
  <ItemGroup>
    <Filter Include="Source Files">
      <UniqueIdentifier>{4FC737F1-C7A5-4376-A066-2A32D752A2FF}</UniqueIdentifier>
      <Extensions>cpp;c;cc;cxx;c++;cppm;ixx;def;odl;idl;hpj;bat;asm;asmx</Extensions>
    </Filter>
    <Filter Include="Header Files">
      <UniqueIdentifier>{93995380-89BD-4b04-88EB-625FBE52EBFB}</UniqueIdentifier>
      <Extensions>h;hh;hpp;hxx;h++;hm;inl;inc;ipp;xsd</Extensions>
    </Filter>
    <Filter Include="Resource Files">
      <UniqueIdentifier>{67DA6AB6-F800-4c08-8B7A-83BB121AAD01}</UniqueIdentifier>
      <Extensions>rc;ico;cur;bmp;dlg;rc2;rct;bin;rgs;gif;jpg;jpeg;jpe;resx;tiff;tif;png;wav;mfcribbon-ms</Extensions>
    </Filter>
  </ItemGroup>
  <ItemGroup>
    <ClCompile Include="main.cpp">
      <Filter>Source Files</Filter>
    </ClCompile>
    <ClCompile Include="SDK\ACLPlugin_functions.cpp">
      <Filter>Source Files</Filter>
    </ClCompile>
    <ClCompile Include="SDK\ActorLayerUtilities_functions.cpp">
      <Filter>Source Files</Filter>
    </ClCompile>
    <ClCompile Include="SDK\AIActionPointGeneratorRuntime_functions.cpp">
      <Filter>Source Files</Filter>
    </ClCompile>
    <ClCompile Include="SDK\AIModule_functions.cpp">
      <Filter>Source Files</Filter>
    </ClCompile>
    <ClCompile Include="SDK\AIServiceSDK_functions.cpp">
      <Filter>Source Files</Filter>
    </ClCompile>
    <ClCompile Include="SDK\AkAudio_functions.cpp">
      <Filter>Source Files</Filter>
    </ClCompile>
    <ClCompile Include="SDK\AndroidDevicePermission_functions.cpp">
      <Filter>Source Files</Filter>
    </ClCompile>
    <ClCompile Include="SDK\AndroidPermission_functions.cpp">
      <Filter>Source Files</Filter>
    </ClCompile>
    <ClCompile Include="SDK\AnimationBudgetAllocator_functions.cpp">
      <Filter>Source Files</Filter>
    </ClCompile>
    <ClCompile Include="SDK\AnimGraphRuntime_functions.cpp">
      <Filter>Source Files</Filter>
    </ClCompile>
    <ClCompile Include="SDK\AssetRegistry_functions.cpp">
      <Filter>Source Files</Filter>
    </ClCompile>
    <ClCompile Include="SDK\AudioCapture_functions.cpp">
      <Filter>Source Files</Filter>
    </ClCompile>
    <ClCompile Include="SDK\AudioMixer_functions.cpp">
      <Filter>Source Files</Filter>
    </ClCompile>
    <ClCompile Include="SDK\AugmentedReality_functions.cpp">
      <Filter>Source Files</Filter>
    </ClCompile>
    <ClCompile Include="SDK\Basic.cpp">
      <Filter>Source Files</Filter>
    </ClCompile>
    <ClCompile Include="SDK\BlueprintFileUtils_functions.cpp">
      <Filter>Source Files</Filter>
    </ClCompile>
    <ClCompile Include="SDK\BP_GameInstance_functions.cpp">
      <Filter>Source Files</Filter>
    </ClCompile>
    <ClCompile Include="SDK\BP_GCloudDolphin_functions.cpp">
      <Filter>Source Files</Filter>
    </ClCompile>
    <ClCompile Include="SDK\BP_InputreplayWidget_functions.cpp">
      <Filter>Source Files</Filter>
    </ClCompile>
    <ClCompile Include="SDK\BP_MobileHUDWidget_Login_Check_HD_functions.cpp">
      <Filter>Source Files</Filter>
    </ClCompile>
    <ClCompile Include="SDK\CableComponent_functions.cpp">
      <Filter>Source Files</Filter>
    </ClCompile>
    <ClCompile Include="SDK\ChaosSolverEngine_functions.cpp">
      <Filter>Source Files</Filter>
    </ClCompile>
    <ClCompile Include="SDK\CinematicCamera_functions.cpp">
      <Filter>Source Files</Filter>
    </ClCompile>
    <ClCompile Include="SDK\ClothingSystemRuntimeInterface_functions.cpp">
      <Filter>Source Files</Filter>
    </ClCompile>
    <ClCompile Include="SDK\ClothingSystemRuntimeNv_functions.cpp">
      <Filter>Source Files</Filter>
    </ClCompile>
    <ClCompile Include="SDK\ControlRig_functions.cpp">
      <Filter>Source Files</Filter>
    </ClCompile>
    <ClCompile Include="SDK\CoreUObject_functions.cpp">
      <Filter>Source Files</Filter>
    </ClCompile>
    <ClCompile Include="SDK\CoverGenerator_functions.cpp">
      <Filter>Source Files</Filter>
    </ClCompile>
    <ClCompile Include="SDK\Dawn20RuntimeComponents_functions.cpp">
      <Filter>Source Files</Filter>
    </ClCompile>
    <ClCompile Include="SDK\DawnRuntimeComponents_functions.cpp">
      <Filter>Source Files</Filter>
    </ClCompile>
    <ClCompile Include="SDK\DecorateBig_HD_functions.cpp">
      <Filter>Source Files</Filter>
    </ClCompile>
    <ClCompile Include="SDK\DLSSBlueprint_functions.cpp">
      <Filter>Source Files</Filter>
    </ClCompile>
    <ClCompile Include="SDK\EditableMesh_functions.cpp">
      <Filter>Source Files</Filter>
    </ClCompile>
    <ClCompile Include="SDK\Engine_functions.cpp">
      <Filter>Source Files</Filter>
    </ClCompile>
    <ClCompile Include="SDK\EngineSettings_functions.cpp">
      <Filter>Source Files</Filter>
    </ClCompile>
    <ClCompile Include="SDK\EyeTracker_functions.cpp">
      <Filter>Source Files</Filter>
    </ClCompile>
    <ClCompile Include="SDK\FalconCore_functions.cpp">
      <Filter>Source Files</Filter>
    </ClCompile>
    <ClCompile Include="SDK\FalconLandscapeMixerShader_functions.cpp">
      <Filter>Source Files</Filter>
    </ClCompile>
    <ClCompile Include="SDK\FieldSystemEngine_functions.cpp">
      <Filter>Source Files</Filter>
    </ClCompile>
    <ClCompile Include="SDK\Foliage_functions.cpp">
      <Filter>Source Files</Filter>
    </ClCompile>
    <ClCompile Include="SDK\G6Base_functions.cpp">
      <Filter>Source Files</Filter>
    </ClCompile>
    <ClCompile Include="SDK\GameJoyPlugin_functions.cpp">
      <Filter>Source Files</Filter>
    </ClCompile>
    <ClCompile Include="SDK\Gamelet_functions.cpp">
      <Filter>Source Files</Filter>
    </ClCompile>
    <ClCompile Include="SDK\GameletJsEnv_functions.cpp">
      <Filter>Source Files</Filter>
    </ClCompile>
    <ClCompile Include="SDK\GameNative_functions.cpp">
      <Filter>Source Files</Filter>
    </ClCompile>
    <ClCompile Include="SDK\GameplayAbilities_functions.cpp">
      <Filter>Source Files</Filter>
    </ClCompile>
    <ClCompile Include="SDK\GameplayTags_functions.cpp">
      <Filter>Source Files</Filter>
    </ClCompile>
    <ClCompile Include="SDK\GameplayTasks_functions.cpp">
      <Filter>Source Files</Filter>
    </ClCompile>
    <ClCompile Include="SDK\GC_EmptyTrigger_functions.cpp">
      <Filter>Source Files</Filter>
    </ClCompile>
    <ClCompile Include="SDK\GC_FillMagazine_functions.cpp">
      <Filter>Source Files</Filter>
    </ClCompile>
    <ClCompile Include="SDK\GC_SwitchScope_functions.cpp">
      <Filter>Source Files</Filter>
    </ClCompile>
    <ClCompile Include="SDK\GC_SwitchScopePattern_functions.cpp">
      <Filter>Source Files</Filter>
    </ClCompile>
    <ClCompile Include="SDK\GC_ToggleTactical_functions.cpp">
      <Filter>Source Files</Filter>
    </ClCompile>
    <ClCompile Include="SDK\GC_UnFillMagazine_functions.cpp">
      <Filter>Source Files</Filter>
    </ClCompile>
    <ClCompile Include="SDK\GeometryCache_functions.cpp">
      <Filter>Source Files</Filter>
    </ClCompile>
    <ClCompile Include="SDK\GeometryCollectionEngine_functions.cpp">
      <Filter>Source Files</Filter>
    </ClCompile>
    <ClCompile Include="SDK\GLTFExporterRuntime_functions.cpp">
      <Filter>Source Files</Filter>
    </ClCompile>
    <ClCompile Include="SDK\H5UI_functions.cpp">
      <Filter>Source Files</Filter>
    </ClCompile>
    <ClCompile Include="SDK\H5UIWin_functions.cpp">
      <Filter>Source Files</Filter>
    </ClCompile>
    <ClCompile Include="SDK\HairStrandsCore_functions.cpp">
      <Filter>Source Files</Filter>
    </ClCompile>
    <ClCompile Include="SDK\HeadMountedDisplay_functions.cpp">
      <Filter>Source Files</Filter>
    </ClCompile>
    <ClCompile Include="SDK\ImageWriteQueue_functions.cpp">
      <Filter>Source Files</Filter>
    </ClCompile>
    <ClCompile Include="SDK\InteractiveToolsFramework_functions.cpp">
      <Filter>Source Files</Filter>
    </ClCompile>
    <ClCompile Include="SDK\INTLCore_functions.cpp">
      <Filter>Source Files</Filter>
    </ClCompile>
    <ClCompile Include="SDK\JsonObjectConverterEx_functions.cpp">
      <Filter>Source Files</Filter>
    </ClCompile>
    <ClCompile Include="SDK\Landscape_functions.cpp">
      <Filter>Source Files</Filter>
    </ClCompile>
    <ClCompile Include="SDK\LevelInfinite_functions.cpp">
      <Filter>Source Files</Filter>
    </ClCompile>
    <ClCompile Include="SDK\LevelSequence_functions.cpp">
      <Filter>Source Files</Filter>
    </ClCompile>
    <ClCompile Include="SDK\LISlua425_functions.cpp">
      <Filter>Source Files</Filter>
    </ClCompile>
    <ClCompile Include="SDK\MagicLeapARPin_functions.cpp">
      <Filter>Source Files</Filter>
    </ClCompile>
    <ClCompile Include="SDK\MagicLeapARPinInfoActor_functions.cpp">
      <Filter>Source Files</Filter>
    </ClCompile>
    <ClCompile Include="SDK\MagicLeapSharedWorld_functions.cpp">
      <Filter>Source Files</Filter>
    </ClCompile>
    <ClCompile Include="SDK\MediaAssets_functions.cpp">
      <Filter>Source Files</Filter>
    </ClCompile>
    <ClCompile Include="SDK\MeshDescription_functions.cpp">
      <Filter>Source Files</Filter>
    </ClCompile>
    <ClCompile Include="SDK\MeshModelingTools_functions.cpp">
      <Filter>Source Files</Filter>
    </ClCompile>
    <ClCompile Include="SDK\MFAnimationRuntime_functions.cpp">
      <Filter>Source Files</Filter>
    </ClCompile>
    <ClCompile Include="SDK\MFAVWrapper_functions.cpp">
      <Filter>Source Files</Filter>
    </ClCompile>
    <ClCompile Include="SDK\MFBaseModule_functions.cpp">
      <Filter>Source Files</Filter>
    </ClCompile>
    <ClCompile Include="SDK\MFBenchmark_functions.cpp">
      <Filter>Source Files</Filter>
    </ClCompile>
    <ClCompile Include="SDK\MFClimateRuntime_functions.cpp">
      <Filter>Source Files</Filter>
    </ClCompile>
    <ClCompile Include="SDK\MFDataVisualizer_functions.cpp">
      <Filter>Source Files</Filter>
    </ClCompile>
    <ClCompile Include="SDK\MFDestructionCommon_functions.cpp">
      <Filter>Source Files</Filter>
    </ClCompile>
    <ClCompile Include="SDK\MFEnvironment_functions.cpp">
      <Filter>Source Files</Filter>
    </ClCompile>
    <ClCompile Include="SDK\MFFluid_functions.cpp">
      <Filter>Source Files</Filter>
    </ClCompile>
    <ClCompile Include="SDK\MFGridLevelsRuntime_functions.cpp">
      <Filter>Source Files</Filter>
    </ClCompile>
    <ClCompile Include="SDK\MFInputReplayTool_functions.cpp">
      <Filter>Source Files</Filter>
    </ClCompile>
    <ClCompile Include="SDK\MFMission_functions.cpp">
      <Filter>Source Files</Filter>
    </ClCompile>
    <ClCompile Include="SDK\MFMobileJoystick_functions.cpp">
      <Filter>Source Files</Filter>
    </ClCompile>
    <ClCompile Include="SDK\MFNPCAI_functions.cpp">
      <Filter>Source Files</Filter>
    </ClCompile>
    <ClCompile Include="SDK\MFNumKeyboard_functions.cpp">
      <Filter>Source Files</Filter>
    </ClCompile>
    <ClCompile Include="SDK\MFPluginWrapper_functions.cpp">
      <Filter>Source Files</Filter>
    </ClCompile>
    <ClCompile Include="SDK\MFPreExposureReader_functions.cpp">
      <Filter>Source Files</Filter>
    </ClCompile>
    <ClCompile Include="SDK\MFPropsDestruction_functions.cpp">
      <Filter>Source Files</Filter>
    </ClCompile>
    <ClCompile Include="SDK\MFQCloud_functions.cpp">
      <Filter>Source Files</Filter>
    </ClCompile>
    <ClCompile Include="SDK\MFQuestSystem_functions.cpp">
      <Filter>Source Files</Filter>
    </ClCompile>
    <ClCompile Include="SDK\MFRelightableReflection_functions.cpp">
      <Filter>Source Files</Filter>
    </ClCompile>
    <ClCompile Include="SDK\MFReplaySystem_functions.cpp">
      <Filter>Source Files</Filter>
    </ClCompile>
    <ClCompile Include="SDK\MFSubMeshDecal_functions.cpp">
      <Filter>Source Files</Filter>
    </ClCompile>
    <ClCompile Include="SDK\MFVoxelEnv_functions.cpp">
      <Filter>Source Files</Filter>
    </ClCompile>
    <ClCompile Include="SDK\MFVoxelReflectionRuntime_functions.cpp">
      <Filter>Source Files</Filter>
    </ClCompile>
    <ClCompile Include="SDK\MFWeakNetwork_functions.cpp">
      <Filter>Source Files</Filter>
    </ClCompile>
    <ClCompile Include="SDK\MobilePatchingUtils_functions.cpp">
      <Filter>Source Files</Filter>
    </ClCompile>
    <ClCompile Include="SDK\ModelingComponents_functions.cpp">
      <Filter>Source Files</Filter>
    </ClCompile>
    <ClCompile Include="SDK\MotionWarping_functions.cpp">
      <Filter>Source Files</Filter>
    </ClCompile>
    <ClCompile Include="SDK\MotoSynth_functions.cpp">
      <Filter>Source Files</Filter>
    </ClCompile>
    <ClCompile Include="SDK\MovieScene_functions.cpp">
      <Filter>Source Files</Filter>
    </ClCompile>
    <ClCompile Include="SDK\MovieSceneCapture_functions.cpp">
      <Filter>Source Files</Filter>
    </ClCompile>
    <ClCompile Include="SDK\MovieSceneTracks_functions.cpp">
      <Filter>Source Files</Filter>
    </ClCompile>
    <ClCompile Include="SDK\MRMesh_functions.cpp">
      <Filter>Source Files</Filter>
    </ClCompile>
    <ClCompile Include="SDK\NavigationSystem_functions.cpp">
      <Filter>Source Files</Filter>
    </ClCompile>
    <ClCompile Include="SDK\Niagara_functions.cpp">
      <Filter>Source Files</Filter>
    </ClCompile>
    <ClCompile Include="SDK\NiagaraAnimNotifies_functions.cpp">
      <Filter>Source Files</Filter>
    </ClCompile>
    <ClCompile Include="SDK\OBJPool_functions.cpp">
      <Filter>Source Files</Filter>
    </ClCompile>
    <ClCompile Include="SDK\OnlineSubsystem_functions.cpp">
      <Filter>Source Files</Filter>
    </ClCompile>
    <ClCompile Include="SDK\OnlineSubsystemUtils_functions.cpp">
      <Filter>Source Files</Filter>
    </ClCompile>
    <ClCompile Include="SDK\Paper2D_functions.cpp">
      <Filter>Source Files</Filter>
    </ClCompile>
    <ClCompile Include="SDK\PhysXVehicles_functions.cpp">
      <Filter>Source Files</Filter>
    </ClCompile>
    <ClCompile Include="SDK\PixUI_functions.cpp">
      <Filter>Source Files</Filter>
    </ClCompile>
    <ClCompile Include="SDK\ProceduralMeshComponent_functions.cpp">
      <Filter>Source Files</Filter>
    </ClCompile>
    <ClCompile Include="SDK\ReliefMapping_functions.cpp">
      <Filter>Source Files</Filter>
    </ClCompile>
    <ClCompile Include="SDK\Renderer_functions.cpp">
      <Filter>Source Files</Filter>
    </ClCompile>
    <ClCompile Include="SDK\ReplicationGraph_functions.cpp">
      <Filter>Source Files</Filter>
    </ClCompile>
    <ClCompile Include="SDK\RichTextBlockWidget_functions.cpp">
      <Filter>Source Files</Filter>
    </ClCompile>
    <ClCompile Include="SDK\RigVM_functions.cpp">
      <Filter>Source Files</Filter>
    </ClCompile>
    <ClCompile Include="SDK\SGFramework_functions.cpp">
      <Filter>Source Files</Filter>
    </ClCompile>
    <ClCompile Include="SDK\SpinePlugin_functions.cpp">
      <Filter>Source Files</Filter>
    </ClCompile>
    <ClCompile Include="SDK\StartupMap_functions.cpp">
      <Filter>Source Files</Filter>
    </ClCompile>
    <ClCompile Include="SDK\StaticMeshDescription_functions.cpp">
      <Filter>Source Files</Filter>
    </ClCompile>
    <ClCompile Include="SDK\SubstanceCore_functions.cpp">
      <Filter>Source Files</Filter>
    </ClCompile>
    <ClCompile Include="SDK\TimeManagement_functions.cpp">
      <Filter>Source Files</Filter>
    </ClCompile>
    <ClCompile Include="SDK\UACommon_functions.cpp">
      <Filter>Source Files</Filter>
    </ClCompile>
    <ClCompile Include="SDK\UAGame_functions.cpp">
      <Filter>Source Files</Filter>
    </ClCompile>
    <ClCompile Include="SDK\UAGraphicsCommonRuntime_functions.cpp">
      <Filter>Source Files</Filter>
    </ClCompile>
    <ClCompile Include="SDK\UAMFClimateRuntime_functions.cpp">
      <Filter>Source Files</Filter>
    </ClCompile>
    <ClCompile Include="SDK\UATypeWriterText_HD_functions.cpp">
      <Filter>Source Files</Filter>
    </ClCompile>
    <ClCompile Include="SDK\UFix_functions.cpp">
      <Filter>Source Files</Filter>
    </ClCompile>
    <ClCompile Include="SDK\UIParticleSystem_functions.cpp">
      <Filter>Source Files</Filter>
    </ClCompile>
    <ClCompile Include="SDK\UMG_functions.cpp">
      <Filter>Source Files</Filter>
    </ClCompile>
    <ClCompile Include="SDK\UnLua_functions.cpp">
      <Filter>Source Files</Filter>
    </ClCompile>
    <ClCompile Include="SDK\UpdateNoticePage_functions.cpp">
      <Filter>Source Files</Filter>
    </ClCompile>
    <ClCompile Include="SDK\UpdateNoticePage_V2_functions.cpp">
      <Filter>Source Files</Filter>
    </ClCompile>
    <ClCompile Include="SDK\VariantManagerContent_functions.cpp">
      <Filter>Source Files</Filter>
    </ClCompile>
    <ClCompile Include="SDK\WindowsDevicePermission_functions.cpp">
      <Filter>Source Files</Filter>
    </ClCompile>
    <ClCompile Include="Cache.h">
      <Filter>Source Files</Filter>
    </ClCompile>
    <ClCompile Include="Cache.cpp">
      <Filter>Source Files</Filter>
    </ClCompile>
  </ItemGroup>
  <ItemGroup>
    <ClInclude Include="SDK\ACLPlugin_classes.hpp">
      <Filter>Header Files</Filter>
    </ClInclude>
    <ClInclude Include="SDK\ACLPlugin_parameters.hpp">
      <Filter>Header Files</Filter>
    </ClInclude>
    <ClInclude Include="SDK\ACLPlugin_structs.hpp">
      <Filter>Header Files</Filter>
    </ClInclude>
    <ClInclude Include="SDK\ActorLayerUtilities_classes.hpp">
      <Filter>Header Files</Filter>
    </ClInclude>
    <ClInclude Include="SDK\ActorLayerUtilities_parameters.hpp">
      <Filter>Header Files</Filter>
    </ClInclude>
    <ClInclude Include="SDK\ActorLayerUtilities_structs.hpp">
      <Filter>Header Files</Filter>
    </ClInclude>
    <ClInclude Include="SDK\AIActionPointGeneratorRuntime_classes.hpp">
      <Filter>Header Files</Filter>
    </ClInclude>
    <ClInclude Include="SDK\AIActionPointGeneratorRuntime_parameters.hpp">
      <Filter>Header Files</Filter>
    </ClInclude>
    <ClInclude Include="SDK\AIActionPointGeneratorRuntime_structs.hpp">
      <Filter>Header Files</Filter>
    </ClInclude>
    <ClInclude Include="SDK\AIModule_classes.hpp">
      <Filter>Header Files</Filter>
    </ClInclude>
    <ClInclude Include="SDK\AIModule_parameters.hpp">
      <Filter>Header Files</Filter>
    </ClInclude>
    <ClInclude Include="SDK\AIModule_structs.hpp">
      <Filter>Header Files</Filter>
    </ClInclude>
    <ClInclude Include="SDK\AIServiceSDK_classes.hpp">
      <Filter>Header Files</Filter>
    </ClInclude>
    <ClInclude Include="SDK\AIServiceSDK_parameters.hpp">
      <Filter>Header Files</Filter>
    </ClInclude>
    <ClInclude Include="SDK\AIServiceSDK_structs.hpp">
      <Filter>Header Files</Filter>
    </ClInclude>
    <ClInclude Include="SDK\AkAudio_classes.hpp">
      <Filter>Header Files</Filter>
    </ClInclude>
    <ClInclude Include="SDK\AkAudio_parameters.hpp">
      <Filter>Header Files</Filter>
    </ClInclude>
    <ClInclude Include="SDK\AkAudio_structs.hpp">
      <Filter>Header Files</Filter>
    </ClInclude>
    <ClInclude Include="SDK\AndroidDevicePermission_classes.hpp">
      <Filter>Header Files</Filter>
    </ClInclude>
    <ClInclude Include="SDK\AndroidDevicePermission_parameters.hpp">
      <Filter>Header Files</Filter>
    </ClInclude>
    <ClInclude Include="SDK\AndroidPermission_classes.hpp">
      <Filter>Header Files</Filter>
    </ClInclude>
    <ClInclude Include="SDK\AndroidPermission_parameters.hpp">
      <Filter>Header Files</Filter>
    </ClInclude>
    <ClInclude Include="SDK\AnimationBudgetAllocator_classes.hpp">
      <Filter>Header Files</Filter>
    </ClInclude>
    <ClInclude Include="SDK\AnimationBudgetAllocator_parameters.hpp">
      <Filter>Header Files</Filter>
    </ClInclude>
    <ClInclude Include="SDK\AnimationBudgetAllocator_structs.hpp">
      <Filter>Header Files</Filter>
    </ClInclude>
    <ClInclude Include="SDK\AnimationCore_classes.hpp">
      <Filter>Header Files</Filter>
    </ClInclude>
    <ClInclude Include="SDK\AnimationCore_structs.hpp">
      <Filter>Header Files</Filter>
    </ClInclude>
    <ClInclude Include="SDK\AnimationWarpingRuntime_structs.hpp">
      <Filter>Header Files</Filter>
    </ClInclude>
    <ClInclude Include="SDK\AnimGraphRuntime_classes.hpp">
      <Filter>Header Files</Filter>
    </ClInclude>
    <ClInclude Include="SDK\AnimGraphRuntime_parameters.hpp">
      <Filter>Header Files</Filter>
    </ClInclude>
    <ClInclude Include="SDK\AnimGraphRuntime_structs.hpp">
      <Filter>Header Files</Filter>
    </ClInclude>
    <ClInclude Include="SDK\AssetRegistry_classes.hpp">
      <Filter>Header Files</Filter>
    </ClInclude>
    <ClInclude Include="SDK\AssetRegistry_parameters.hpp">
      <Filter>Header Files</Filter>
    </ClInclude>
    <ClInclude Include="SDK\AssetRegistry_structs.hpp">
      <Filter>Header Files</Filter>
    </ClInclude>
    <ClInclude Include="SDK\AudioCapture_classes.hpp">
      <Filter>Header Files</Filter>
    </ClInclude>
    <ClInclude Include="SDK\AudioCapture_parameters.hpp">
      <Filter>Header Files</Filter>
    </ClInclude>
    <ClInclude Include="SDK\AudioCapture_structs.hpp">
      <Filter>Header Files</Filter>
    </ClInclude>
    <ClInclude Include="SDK\AudioExtensions_classes.hpp">
      <Filter>Header Files</Filter>
    </ClInclude>
    <ClInclude Include="SDK\AudioMixer_classes.hpp">
      <Filter>Header Files</Filter>
    </ClInclude>
    <ClInclude Include="SDK\AudioMixer_parameters.hpp">
      <Filter>Header Files</Filter>
    </ClInclude>
    <ClInclude Include="SDK\AudioMixer_structs.hpp">
      <Filter>Header Files</Filter>
    </ClInclude>
    <ClInclude Include="SDK\AudioPlatformConfiguration_structs.hpp">
      <Filter>Header Files</Filter>
    </ClInclude>
    <ClInclude Include="SDK\AugmentedReality_classes.hpp">
      <Filter>Header Files</Filter>
    </ClInclude>
    <ClInclude Include="SDK\AugmentedReality_parameters.hpp">
      <Filter>Header Files</Filter>
    </ClInclude>
    <ClInclude Include="SDK\AugmentedReality_structs.hpp">
      <Filter>Header Files</Filter>
    </ClInclude>
    <ClInclude Include="SDK\AvfMediaFactory_classes.hpp">
      <Filter>Header Files</Filter>
    </ClInclude>
    <ClInclude Include="SDK\Basic.hpp">
      <Filter>Header Files</Filter>
    </ClInclude>
    <ClInclude Include="SDK\BlueprintFileUtils_classes.hpp">
      <Filter>Header Files</Filter>
    </ClInclude>
    <ClInclude Include="SDK\BlueprintFileUtils_parameters.hpp">
      <Filter>Header Files</Filter>
    </ClInclude>
    <ClInclude Include="SDK\BP_GameInstance_classes.hpp">
      <Filter>Header Files</Filter>
    </ClInclude>
    <ClInclude Include="SDK\BP_GameInstance_HD_classes.hpp">
      <Filter>Header Files</Filter>
    </ClInclude>
    <ClInclude Include="SDK\BP_GameplayCue_Bleed_classes.hpp">
      <Filter>Header Files</Filter>
    </ClInclude>
    <ClInclude Include="SDK\BP_GCloudDolphin_classes.hpp">
      <Filter>Header Files</Filter>
    </ClInclude>
    <ClInclude Include="SDK\BP_GCloudDolphin_parameters.hpp">
      <Filter>Header Files</Filter>
    </ClInclude>
    <ClInclude Include="SDK\BP_InputreplayWidget_classes.hpp">
      <Filter>Header Files</Filter>
    </ClInclude>
    <ClInclude Include="SDK\BP_InputreplayWidget_parameters.hpp">
      <Filter>Header Files</Filter>
    </ClInclude>
    <ClInclude Include="SDK\BP_MobileHUDWidget_Login_Check_HD_classes.hpp">
      <Filter>Header Files</Filter>
    </ClInclude>
    <ClInclude Include="SDK\BP_MobileHUDWidget_Login_Check_HD_parameters.hpp">
      <Filter>Header Files</Filter>
    </ClInclude>
    <ClInclude Include="SDK\BP_StartupGamemode_classes.hpp">
      <Filter>Header Files</Filter>
    </ClInclude>
    <ClInclude Include="SDK\BP_TouchPositionWidget_classes.hpp">
      <Filter>Header Files</Filter>
    </ClInclude>
    <ClInclude Include="SDK\BPC_GameInstanceG6PlatformComponent_classes.hpp">
      <Filter>Header Files</Filter>
    </ClInclude>
    <ClInclude Include="SDK\BPC_GameInstanceGameInfoComponent_classes.hpp">
      <Filter>Header Files</Filter>
    </ClInclude>
    <ClInclude Include="SDK\BPC_GameInstancePluginManagerComponent_classes.hpp">
      <Filter>Header Files</Filter>
    </ClInclude>
    <ClInclude Include="SDK\BPC_GameinstanceWeakNetworkComponent_classes.hpp">
      <Filter>Header Files</Filter>
    </ClInclude>
    <ClInclude Include="SDK\BPC_GAS_GlobalComponent_classes.hpp">
      <Filter>Header Files</Filter>
    </ClInclude>
    <ClInclude Include="SDK\BuildPatchServices_classes.hpp">
      <Filter>Header Files</Filter>
    </ClInclude>
    <ClInclude Include="SDK\BuildPatchServices_structs.hpp">
      <Filter>Header Files</Filter>
    </ClInclude>
    <ClInclude Include="SDK\CableComponent_classes.hpp">
      <Filter>Header Files</Filter>
    </ClInclude>
    <ClInclude Include="SDK\CableComponent_parameters.hpp">
      <Filter>Header Files</Filter>
    </ClInclude>
    <ClInclude Include="SDK\Chaos_structs.hpp">
      <Filter>Header Files</Filter>
    </ClInclude>
    <ClInclude Include="SDK\ChaosSolverEngine_classes.hpp">
      <Filter>Header Files</Filter>
    </ClInclude>
    <ClInclude Include="SDK\ChaosSolverEngine_parameters.hpp">
      <Filter>Header Files</Filter>
    </ClInclude>
    <ClInclude Include="SDK\ChaosSolverEngine_structs.hpp">
      <Filter>Header Files</Filter>
    </ClInclude>
    <ClInclude Include="SDK\CinematicCamera_classes.hpp">
      <Filter>Header Files</Filter>
    </ClInclude>
    <ClInclude Include="SDK\CinematicCamera_parameters.hpp">
      <Filter>Header Files</Filter>
    </ClInclude>
    <ClInclude Include="SDK\CinematicCamera_structs.hpp">
      <Filter>Header Files</Filter>
    </ClInclude>
    <ClInclude Include="SDK\ClothingSystemRuntimeCommon_classes.hpp">
      <Filter>Header Files</Filter>
    </ClInclude>
    <ClInclude Include="SDK\ClothingSystemRuntimeCommon_structs.hpp">
      <Filter>Header Files</Filter>
    </ClInclude>
    <ClInclude Include="SDK\ClothingSystemRuntimeInterface_classes.hpp">
      <Filter>Header Files</Filter>
    </ClInclude>
    <ClInclude Include="SDK\ClothingSystemRuntimeInterface_parameters.hpp">
      <Filter>Header Files</Filter>
    </ClInclude>
    <ClInclude Include="SDK\ClothingSystemRuntimeInterface_structs.hpp">
      <Filter>Header Files</Filter>
    </ClInclude>
    <ClInclude Include="SDK\ClothingSystemRuntimeNv_classes.hpp">
      <Filter>Header Files</Filter>
    </ClInclude>
    <ClInclude Include="SDK\ClothingSystemRuntimeNv_parameters.hpp">
      <Filter>Header Files</Filter>
    </ClInclude>
    <ClInclude Include="SDK\ClothingSystemRuntimeNv_structs.hpp">
      <Filter>Header Files</Filter>
    </ClInclude>
    <ClInclude Include="SDK\ConsoleCmdEx_classes.hpp">
      <Filter>Header Files</Filter>
    </ClInclude>
    <ClInclude Include="SDK\ControlRig_classes.hpp">
      <Filter>Header Files</Filter>
    </ClInclude>
    <ClInclude Include="SDK\ControlRig_parameters.hpp">
      <Filter>Header Files</Filter>
    </ClInclude>
    <ClInclude Include="SDK\ControlRig_structs.hpp">
      <Filter>Header Files</Filter>
    </ClInclude>
    <ClInclude Include="SDK\CoreUObject_classes.hpp">
      <Filter>Header Files</Filter>
    </ClInclude>
    <ClInclude Include="SDK\CoreUObject_parameters.hpp">
      <Filter>Header Files</Filter>
    </ClInclude>
    <ClInclude Include="SDK\CoreUObject_structs.hpp">
      <Filter>Header Files</Filter>
    </ClInclude>
    <ClInclude Include="SDK\CoverGenerator_classes.hpp">
      <Filter>Header Files</Filter>
    </ClInclude>
    <ClInclude Include="SDK\CoverGenerator_parameters.hpp">
      <Filter>Header Files</Filter>
    </ClInclude>
    <ClInclude Include="SDK\CoverGenerator_structs.hpp">
      <Filter>Header Files</Filter>
    </ClInclude>
    <ClInclude Include="SDK\Dawn20RuntimeComponents_classes.hpp">
      <Filter>Header Files</Filter>
    </ClInclude>
    <ClInclude Include="SDK\Dawn20RuntimeComponents_parameters.hpp">
      <Filter>Header Files</Filter>
    </ClInclude>
    <ClInclude Include="SDK\Dawn20RuntimeComponents_structs.hpp">
      <Filter>Header Files</Filter>
    </ClInclude>
    <ClInclude Include="SDK\DawnRuntimeComponents_classes.hpp">
      <Filter>Header Files</Filter>
    </ClInclude>
    <ClInclude Include="SDK\DawnRuntimeComponents_parameters.hpp">
      <Filter>Header Files</Filter>
    </ClInclude>
    <ClInclude Include="SDK\DawnRuntimeComponents_structs.hpp">
      <Filter>Header Files</Filter>
    </ClInclude>
    <ClInclude Include="SDK\DecorateBig_HD_classes.hpp">
      <Filter>Header Files</Filter>
    </ClInclude>
    <ClInclude Include="SDK\DecorateBig_HD_parameters.hpp">
      <Filter>Header Files</Filter>
    </ClInclude>
    <ClInclude Include="SDK\DeveloperSettings_classes.hpp">
      <Filter>Header Files</Filter>
    </ClInclude>
    <ClInclude Include="SDK\DLSS_classes.hpp">
      <Filter>Header Files</Filter>
    </ClInclude>
    <ClInclude Include="SDK\DLSS_structs.hpp">
      <Filter>Header Files</Filter>
    </ClInclude>
    <ClInclude Include="SDK\DLSS3_classes.hpp">
      <Filter>Header Files</Filter>
    </ClInclude>
    <ClInclude Include="SDK\DLSS3_structs.hpp">
      <Filter>Header Files</Filter>
    </ClInclude>
    <ClInclude Include="SDK\DLSSBlueprint_classes.hpp">
      <Filter>Header Files</Filter>
    </ClInclude>
    <ClInclude Include="SDK\DLSSBlueprint_parameters.hpp">
      <Filter>Header Files</Filter>
    </ClInclude>
    <ClInclude Include="SDK\DLSSBlueprint_structs.hpp">
      <Filter>Header Files</Filter>
    </ClInclude>
    <ClInclude Include="SDK\DmgTypeBP_Environmental_classes.hpp">
      <Filter>Header Files</Filter>
    </ClInclude>
    <ClInclude Include="SDK\EditableMesh_classes.hpp">
      <Filter>Header Files</Filter>
    </ClInclude>
    <ClInclude Include="SDK\EditableMesh_parameters.hpp">
      <Filter>Header Files</Filter>
    </ClInclude>
    <ClInclude Include="SDK\EditableMesh_structs.hpp">
      <Filter>Header Files</Filter>
    </ClInclude>
    <ClInclude Include="SDK\Engine_classes.hpp">
      <Filter>Header Files</Filter>
    </ClInclude>
    <ClInclude Include="SDK\Engine_parameters.hpp">
      <Filter>Header Files</Filter>
    </ClInclude>
    <ClInclude Include="SDK\Engine_structs.hpp">
      <Filter>Header Files</Filter>
    </ClInclude>
    <ClInclude Include="SDK\EngineMessages_structs.hpp">
      <Filter>Header Files</Filter>
    </ClInclude>
    <ClInclude Include="SDK\EngineSettings_classes.hpp">
      <Filter>Header Files</Filter>
    </ClInclude>
    <ClInclude Include="SDK\EngineSettings_parameters.hpp">
      <Filter>Header Files</Filter>
    </ClInclude>
    <ClInclude Include="SDK\EngineSettings_structs.hpp">
      <Filter>Header Files</Filter>
    </ClInclude>
    <ClInclude Include="SDK\EyeTracker_classes.hpp">
      <Filter>Header Files</Filter>
    </ClInclude>
    <ClInclude Include="SDK\EyeTracker_parameters.hpp">
      <Filter>Header Files</Filter>
    </ClInclude>
    <ClInclude Include="SDK\EyeTracker_structs.hpp">
      <Filter>Header Files</Filter>
    </ClInclude>
    <ClInclude Include="SDK\FalconCore_classes.hpp">
      <Filter>Header Files</Filter>
    </ClInclude>
    <ClInclude Include="SDK\FalconCore_parameters.hpp">
      <Filter>Header Files</Filter>
    </ClInclude>
    <ClInclude Include="SDK\FalconLandscapeMixerShader_classes.hpp">
      <Filter>Header Files</Filter>
    </ClInclude>
    <ClInclude Include="SDK\FalconLandscapeMixerShader_parameters.hpp">
      <Filter>Header Files</Filter>
    </ClInclude>
    <ClInclude Include="SDK\FalconLandscapeMixerShader_structs.hpp">
      <Filter>Header Files</Filter>
    </ClInclude>
    <ClInclude Include="SDK\FalconManipulatorShader_classes.hpp">
      <Filter>Header Files</Filter>
    </ClInclude>
    <ClInclude Include="SDK\FieldSystemEngine_classes.hpp">
      <Filter>Header Files</Filter>
    </ClInclude>
    <ClInclude Include="SDK\FieldSystemEngine_parameters.hpp">
      <Filter>Header Files</Filter>
    </ClInclude>
    <ClInclude Include="SDK\Foliage_classes.hpp">
      <Filter>Header Files</Filter>
    </ClInclude>
    <ClInclude Include="SDK\Foliage_parameters.hpp">
      <Filter>Header Files</Filter>
    </ClInclude>
    <ClInclude Include="SDK\Foliage_structs.hpp">
      <Filter>Header Files</Filter>
    </ClInclude>
    <ClInclude Include="SDK\FSR2TemporalUpscaling_classes.hpp">
      <Filter>Header Files</Filter>
    </ClInclude>
    <ClInclude Include="SDK\FSR2TemporalUpscaling_structs.hpp">
      <Filter>Header Files</Filter>
    </ClInclude>
    <ClInclude Include="SDK\G6_classes.hpp">
      <Filter>Header Files</Filter>
    </ClInclude>
    <ClInclude Include="SDK\G6Base_classes.hpp">
      <Filter>Header Files</Filter>
    </ClInclude>
    <ClInclude Include="SDK\G6Base_parameters.hpp">
      <Filter>Header Files</Filter>
    </ClInclude>
    <ClInclude Include="SDK\GameJoyPlugin_classes.hpp">
      <Filter>Header Files</Filter>
    </ClInclude>
    <ClInclude Include="SDK\GameJoyPlugin_parameters.hpp">
      <Filter>Header Files</Filter>
    </ClInclude>
    <ClInclude Include="SDK\Gamelet_classes.hpp">
      <Filter>Header Files</Filter>
    </ClInclude>
    <ClInclude Include="SDK\Gamelet_parameters.hpp">
      <Filter>Header Files</Filter>
    </ClInclude>
    <ClInclude Include="SDK\Gamelet_structs.hpp">
      <Filter>Header Files</Filter>
    </ClInclude>
    <ClInclude Include="SDK\GameletJsEnv_classes.hpp">
      <Filter>Header Files</Filter>
    </ClInclude>
    <ClInclude Include="SDK\GameletJsEnv_structs.hpp">
      <Filter>Header Files</Filter>
    </ClInclude>
    <ClInclude Include="SDK\GameNative_classes.hpp">
      <Filter>Header Files</Filter>
    </ClInclude>
    <ClInclude Include="SDK\GameNative_parameters.hpp">
      <Filter>Header Files</Filter>
    </ClInclude>
    <ClInclude Include="SDK\GameNative_structs.hpp">
      <Filter>Header Files</Filter>
    </ClInclude>
    <ClInclude Include="SDK\GameplayAbilities_classes.hpp">
      <Filter>Header Files</Filter>
    </ClInclude>
    <ClInclude Include="SDK\GameplayAbilities_parameters.hpp">
      <Filter>Header Files</Filter>
    </ClInclude>
    <ClInclude Include="SDK\GameplayAbilities_structs.hpp">
      <Filter>Header Files</Filter>
    </ClInclude>
    <ClInclude Include="SDK\GameplayTags_classes.hpp">
      <Filter>Header Files</Filter>
    </ClInclude>
    <ClInclude Include="SDK\GameplayTags_parameters.hpp">
      <Filter>Header Files</Filter>
    </ClInclude>
    <ClInclude Include="SDK\GameplayTags_structs.hpp">
      <Filter>Header Files</Filter>
    </ClInclude>
    <ClInclude Include="SDK\GameplayTasks_classes.hpp">
      <Filter>Header Files</Filter>
    </ClInclude>
    <ClInclude Include="SDK\GameplayTasks_parameters.hpp">
      <Filter>Header Files</Filter>
    </ClInclude>
    <ClInclude Include="SDK\GameplayTasks_structs.hpp">
      <Filter>Header Files</Filter>
    </ClInclude>
    <ClInclude Include="SDK\GC_EmptyTrigger_classes.hpp">
      <Filter>Header Files</Filter>
    </ClInclude>
    <ClInclude Include="SDK\GC_EmptyTrigger_parameters.hpp">
      <Filter>Header Files</Filter>
    </ClInclude>
    <ClInclude Include="SDK\GC_FillMagazine_classes.hpp">
      <Filter>Header Files</Filter>
    </ClInclude>
    <ClInclude Include="SDK\GC_FillMagazine_parameters.hpp">
      <Filter>Header Files</Filter>
    </ClInclude>
    <ClInclude Include="SDK\GC_SwitchScope_classes.hpp">
      <Filter>Header Files</Filter>
    </ClInclude>
    <ClInclude Include="SDK\GC_SwitchScope_parameters.hpp">
      <Filter>Header Files</Filter>
    </ClInclude>
    <ClInclude Include="SDK\GC_SwitchScopePattern_classes.hpp">
      <Filter>Header Files</Filter>
    </ClInclude>
    <ClInclude Include="SDK\GC_SwitchScopePattern_parameters.hpp">
      <Filter>Header Files</Filter>
    </ClInclude>
    <ClInclude Include="SDK\GC_ToggleTactical_classes.hpp">
      <Filter>Header Files</Filter>
    </ClInclude>
    <ClInclude Include="SDK\GC_ToggleTactical_parameters.hpp">
      <Filter>Header Files</Filter>
    </ClInclude>
    <ClInclude Include="SDK\GC_UnFillMagazine_classes.hpp">
      <Filter>Header Files</Filter>
    </ClInclude>
    <ClInclude Include="SDK\GC_UnFillMagazine_parameters.hpp">
      <Filter>Header Files</Filter>
    </ClInclude>
    <ClInclude Include="SDK\GeometryCache_classes.hpp">
      <Filter>Header Files</Filter>
    </ClInclude>
    <ClInclude Include="SDK\GeometryCache_parameters.hpp">
      <Filter>Header Files</Filter>
    </ClInclude>
    <ClInclude Include="SDK\GeometryCache_structs.hpp">
      <Filter>Header Files</Filter>
    </ClInclude>
    <ClInclude Include="SDK\GeometryCacheTracks_classes.hpp">
      <Filter>Header Files</Filter>
    </ClInclude>
    <ClInclude Include="SDK\GeometryCacheTracks_structs.hpp">
      <Filter>Header Files</Filter>
    </ClInclude>
    <ClInclude Include="SDK\GeometryCollectionEngine_classes.hpp">
      <Filter>Header Files</Filter>
    </ClInclude>
    <ClInclude Include="SDK\GeometryCollectionEngine_parameters.hpp">
      <Filter>Header Files</Filter>
    </ClInclude>
    <ClInclude Include="SDK\GeometryCollectionEngine_structs.hpp">
      <Filter>Header Files</Filter>
    </ClInclude>
    <ClInclude Include="SDK\GeometryCollectionTracks_classes.hpp">
      <Filter>Header Files</Filter>
    </ClInclude>
    <ClInclude Include="SDK\GeometryCollectionTracks_structs.hpp">
      <Filter>Header Files</Filter>
    </ClInclude>
    <ClInclude Include="SDK\GLTFExporterRuntime_classes.hpp">
      <Filter>Header Files</Filter>
    </ClInclude>
    <ClInclude Include="SDK\GLTFExporterRuntime_parameters.hpp">
      <Filter>Header Files</Filter>
    </ClInclude>
    <ClInclude Include="SDK\GLTFExporterRuntime_structs.hpp">
      <Filter>Header Files</Filter>
    </ClInclude>
    <ClInclude Include="SDK\H5UI_classes.hpp">
      <Filter>Header Files</Filter>
    </ClInclude>
    <ClInclude Include="SDK\H5UI_parameters.hpp">
      <Filter>Header Files</Filter>
    </ClInclude>
    <ClInclude Include="SDK\H5UIWin_classes.hpp">
      <Filter>Header Files</Filter>
    </ClInclude>
    <ClInclude Include="SDK\H5UIWin_parameters.hpp">
      <Filter>Header Files</Filter>
    </ClInclude>
    <ClInclude Include="SDK\H5UIWin_structs.hpp">
      <Filter>Header Files</Filter>
    </ClInclude>
    <ClInclude Include="SDK\HairStrandsCore_classes.hpp">
      <Filter>Header Files</Filter>
    </ClInclude>
    <ClInclude Include="SDK\HairStrandsCore_parameters.hpp">
      <Filter>Header Files</Filter>
    </ClInclude>
    <ClInclude Include="SDK\HairStrandsCore_structs.hpp">
      <Filter>Header Files</Filter>
    </ClInclude>
    <ClInclude Include="SDK\HeadMountedDisplay_classes.hpp">
      <Filter>Header Files</Filter>
    </ClInclude>
    <ClInclude Include="SDK\HeadMountedDisplay_parameters.hpp">
      <Filter>Header Files</Filter>
    </ClInclude>
    <ClInclude Include="SDK\HeadMountedDisplay_structs.hpp">
      <Filter>Header Files</Filter>
    </ClInclude>
    <ClInclude Include="SDK\ImageWrapper_structs.hpp">
      <Filter>Header Files</Filter>
    </ClInclude>
    <ClInclude Include="SDK\ImageWriteQueue_classes.hpp">
      <Filter>Header Files</Filter>
    </ClInclude>
    <ClInclude Include="SDK\ImageWriteQueue_parameters.hpp">
      <Filter>Header Files</Filter>
    </ClInclude>
    <ClInclude Include="SDK\ImageWriteQueue_structs.hpp">
      <Filter>Header Files</Filter>
    </ClInclude>
    <ClInclude Include="SDK\InputCore_classes.hpp">
      <Filter>Header Files</Filter>
    </ClInclude>
    <ClInclude Include="SDK\InputCore_structs.hpp">
      <Filter>Header Files</Filter>
    </ClInclude>
    <ClInclude Include="SDK\InteractiveToolsFramework_classes.hpp">
      <Filter>Header Files</Filter>
    </ClInclude>
    <ClInclude Include="SDK\InteractiveToolsFramework_parameters.hpp">
      <Filter>Header Files</Filter>
    </ClInclude>
    <ClInclude Include="SDK\InteractiveToolsFramework_structs.hpp">
      <Filter>Header Files</Filter>
    </ClInclude>
    <ClInclude Include="SDK\INTLCore_classes.hpp">
      <Filter>Header Files</Filter>
    </ClInclude>
    <ClInclude Include="SDK\INTLCore_parameters.hpp">
      <Filter>Header Files</Filter>
    </ClInclude>
    <ClInclude Include="SDK\INTLCore_structs.hpp">
      <Filter>Header Files</Filter>
    </ClInclude>
    <ClInclude Include="SDK\JsonObjectConverterEx_classes.hpp">
      <Filter>Header Files</Filter>
    </ClInclude>
    <ClInclude Include="SDK\JsonObjectConverterEx_parameters.hpp">
      <Filter>Header Files</Filter>
    </ClInclude>
    <ClInclude Include="SDK\JsonUtilities_classes.hpp">
      <Filter>Header Files</Filter>
    </ClInclude>
    <ClInclude Include="SDK\JsonUtilities_structs.hpp">
      <Filter>Header Files</Filter>
    </ClInclude>
    <ClInclude Include="SDK\Landscape_classes.hpp">
      <Filter>Header Files</Filter>
    </ClInclude>
    <ClInclude Include="SDK\Landscape_parameters.hpp">
      <Filter>Header Files</Filter>
    </ClInclude>
    <ClInclude Include="SDK\Landscape_structs.hpp">
      <Filter>Header Files</Filter>
    </ClInclude>
    <ClInclude Include="SDK\LandscapeGrassHDRuntime_classes.hpp">
      <Filter>Header Files</Filter>
    </ClInclude>
    <ClInclude Include="SDK\LandscapeGrassHDRuntime_structs.hpp">
      <Filter>Header Files</Filter>
    </ClInclude>
    <ClInclude Include="SDK\LevelInfinite_classes.hpp">
      <Filter>Header Files</Filter>
    </ClInclude>
    <ClInclude Include="SDK\LevelInfinite_parameters.hpp">
      <Filter>Header Files</Filter>
    </ClInclude>
    <ClInclude Include="SDK\LevelInfinite_structs.hpp">
      <Filter>Header Files</Filter>
    </ClInclude>
    <ClInclude Include="SDK\LevelSequence_classes.hpp">
      <Filter>Header Files</Filter>
    </ClInclude>
    <ClInclude Include="SDK\LevelSequence_parameters.hpp">
      <Filter>Header Files</Filter>
    </ClInclude>
    <ClInclude Include="SDK\LevelSequence_structs.hpp">
      <Filter>Header Files</Filter>
    </ClInclude>
    <ClInclude Include="SDK\LISlua425_classes.hpp">
      <Filter>Header Files</Filter>
    </ClInclude>
    <ClInclude Include="SDK\LISlua425_parameters.hpp">
      <Filter>Header Files</Filter>
    </ClInclude>
    <ClInclude Include="SDK\LISlua425_structs.hpp">
      <Filter>Header Files</Filter>
    </ClInclude>
    <ClInclude Include="SDK\MagicLeapARPin_classes.hpp">
      <Filter>Header Files</Filter>
    </ClInclude>
    <ClInclude Include="SDK\MagicLeapARPin_parameters.hpp">
      <Filter>Header Files</Filter>
    </ClInclude>
    <ClInclude Include="SDK\MagicLeapARPin_structs.hpp">
      <Filter>Header Files</Filter>
    </ClInclude>
    <ClInclude Include="SDK\MagicLeapARPinInfoActor_classes.hpp">
      <Filter>Header Files</Filter>
    </ClInclude>
    <ClInclude Include="SDK\MagicLeapARPinInfoActor_parameters.hpp">
      <Filter>Header Files</Filter>
    </ClInclude>
    <ClInclude Include="SDK\MagicLeapSharedWorld_classes.hpp">
      <Filter>Header Files</Filter>
    </ClInclude>
    <ClInclude Include="SDK\MagicLeapSharedWorld_parameters.hpp">
      <Filter>Header Files</Filter>
    </ClInclude>
    <ClInclude Include="SDK\MagicLeapSharedWorld_structs.hpp">
      <Filter>Header Files</Filter>
    </ClInclude>
    <ClInclude Include="SDK\MaterialShaderQualitySettings_classes.hpp">
      <Filter>Header Files</Filter>
    </ClInclude>
    <ClInclude Include="SDK\MaterialShaderQualitySettings_structs.hpp">
      <Filter>Header Files</Filter>
    </ClInclude>
    <ClInclude Include="SDK\MediaAssets_classes.hpp">
      <Filter>Header Files</Filter>
    </ClInclude>
    <ClInclude Include="SDK\MediaAssets_parameters.hpp">
      <Filter>Header Files</Filter>
    </ClInclude>
    <ClInclude Include="SDK\MediaAssets_structs.hpp">
      <Filter>Header Files</Filter>
    </ClInclude>
    <ClInclude Include="SDK\MediaUtils_structs.hpp">
      <Filter>Header Files</Filter>
    </ClInclude>
    <ClInclude Include="SDK\MeshDescription_classes.hpp">
      <Filter>Header Files</Filter>
    </ClInclude>
    <ClInclude Include="SDK\MeshDescription_parameters.hpp">
      <Filter>Header Files</Filter>
    </ClInclude>
    <ClInclude Include="SDK\MeshDescription_structs.hpp">
      <Filter>Header Files</Filter>
    </ClInclude>
    <ClInclude Include="SDK\MeshModelingTools_classes.hpp">
      <Filter>Header Files</Filter>
    </ClInclude>
    <ClInclude Include="SDK\MeshModelingTools_parameters.hpp">
      <Filter>Header Files</Filter>
    </ClInclude>
    <ClInclude Include="SDK\MeshModelingTools_structs.hpp">
      <Filter>Header Files</Filter>
    </ClInclude>
    <ClInclude Include="SDK\MessagingRpc_structs.hpp">
      <Filter>Header Files</Filter>
    </ClInclude>
    <ClInclude Include="SDK\MFAnimationRuntime_classes.hpp">
      <Filter>Header Files</Filter>
    </ClInclude>
    <ClInclude Include="SDK\MFAnimationRuntime_parameters.hpp">
      <Filter>Header Files</Filter>
    </ClInclude>
    <ClInclude Include="SDK\MFAnimationRuntime_structs.hpp">
      <Filter>Header Files</Filter>
    </ClInclude>
    <ClInclude Include="SDK\MFAVWrapper_classes.hpp">
      <Filter>Header Files</Filter>
    </ClInclude>
    <ClInclude Include="SDK\MFAVWrapper_parameters.hpp">
      <Filter>Header Files</Filter>
    </ClInclude>
    <ClInclude Include="SDK\MFAVWrapper_structs.hpp">
      <Filter>Header Files</Filter>
    </ClInclude>
    <ClInclude Include="SDK\MFBaseModule_classes.hpp">
      <Filter>Header Files</Filter>
    </ClInclude>
    <ClInclude Include="SDK\MFBaseModule_parameters.hpp">
      <Filter>Header Files</Filter>
    </ClInclude>
    <ClInclude Include="SDK\MFBaseModule_structs.hpp">
      <Filter>Header Files</Filter>
    </ClInclude>
    <ClInclude Include="SDK\MFBenchmark_classes.hpp">
      <Filter>Header Files</Filter>
    </ClInclude>
    <ClInclude Include="SDK\MFBenchmark_structs.hpp">
      <Filter>Header Files</Filter>
    </ClInclude>
    <ClInclude Include="SDK\MFClimateRuntime_classes.hpp">
      <Filter>Header Files</Filter>
    </ClInclude>
    <ClInclude Include="SDK\MFClimateRuntime_parameters.hpp">
      <Filter>Header Files</Filter>
    </ClInclude>
    <ClInclude Include="SDK\MFClimateRuntime_structs.hpp">
      <Filter>Header Files</Filter>
    </ClInclude>
    <ClInclude Include="SDK\MFCrypt_classes.hpp">
      <Filter>Header Files</Filter>
    </ClInclude>
    <ClInclude Include="SDK\MFDataVisualizer_classes.hpp">
      <Filter>Header Files</Filter>
    </ClInclude>
    <ClInclude Include="SDK\MFDataVisualizer_parameters.hpp">
      <Filter>Header Files</Filter>
    </ClInclude>
    <ClInclude Include="SDK\MFDataVisualizer_structs.hpp">
      <Filter>Header Files</Filter>
    </ClInclude>
    <ClInclude Include="SDK\MFDestructionCommon_classes.hpp">
      <Filter>Header Files</Filter>
    </ClInclude>
    <ClInclude Include="SDK\MFDestructionCommon_parameters.hpp">
      <Filter>Header Files</Filter>
    </ClInclude>
    <ClInclude Include="SDK\MFDestructionCommon_structs.hpp">
      <Filter>Header Files</Filter>
    </ClInclude>
    <ClInclude Include="SDK\MFDsMonitor_classes.hpp">
      <Filter>Header Files</Filter>
    </ClInclude>
    <ClInclude Include="SDK\MFEnvironment_classes.hpp">
      <Filter>Header Files</Filter>
    </ClInclude>
    <ClInclude Include="SDK\MFEnvironment_parameters.hpp">
      <Filter>Header Files</Filter>
    </ClInclude>
    <ClInclude Include="SDK\MFEnvironment_structs.hpp">
      <Filter>Header Files</Filter>
    </ClInclude>
    <ClInclude Include="SDK\MFFluid_classes.hpp">
      <Filter>Header Files</Filter>
    </ClInclude>
    <ClInclude Include="SDK\MFFluid_parameters.hpp">
      <Filter>Header Files</Filter>
    </ClInclude>
    <ClInclude Include="SDK\MFGlobalEvent_classes.hpp">
      <Filter>Header Files</Filter>
    </ClInclude>
    <ClInclude Include="SDK\MFGlobalEvent_structs.hpp">
      <Filter>Header Files</Filter>
    </ClInclude>
    <ClInclude Include="SDK\MFGlobalEventParameterTags_classes.hpp">
      <Filter>Header Files</Filter>
    </ClInclude>
    <ClInclude Include="SDK\MFGlobalEventParameterTags_structs.hpp">
      <Filter>Header Files</Filter>
    </ClInclude>
    <ClInclude Include="SDK\MFGlobalEventTags_classes.hpp">
      <Filter>Header Files</Filter>
    </ClInclude>
    <ClInclude Include="SDK\MFGlobalEventTags_structs.hpp">
      <Filter>Header Files</Filter>
    </ClInclude>
    <ClInclude Include="SDK\MFGridLevelsRuntime_classes.hpp">
      <Filter>Header Files</Filter>
    </ClInclude>
    <ClInclude Include="SDK\MFGridLevelsRuntime_parameters.hpp">
      <Filter>Header Files</Filter>
    </ClInclude>
    <ClInclude Include="SDK\MFGridLevelsRuntime_structs.hpp">
      <Filter>Header Files</Filter>
    </ClInclude>
    <ClInclude Include="SDK\MFInputReplayTool_classes.hpp">
      <Filter>Header Files</Filter>
    </ClInclude>
    <ClInclude Include="SDK\MFInputReplayTool_parameters.hpp">
      <Filter>Header Files</Filter>
    </ClInclude>
    <ClInclude Include="SDK\MFInputReplayTool_structs.hpp">
      <Filter>Header Files</Filter>
    </ClInclude>
    <ClInclude Include="SDK\MFMission_classes.hpp">
      <Filter>Header Files</Filter>
    </ClInclude>
    <ClInclude Include="SDK\MFMission_parameters.hpp">
      <Filter>Header Files</Filter>
    </ClInclude>
    <ClInclude Include="SDK\MFMission_structs.hpp">
      <Filter>Header Files</Filter>
    </ClInclude>
    <ClInclude Include="SDK\MFMobileJoystick_classes.hpp">
      <Filter>Header Files</Filter>
    </ClInclude>
    <ClInclude Include="SDK\MFMobileJoystick_parameters.hpp">
      <Filter>Header Files</Filter>
    </ClInclude>
    <ClInclude Include="SDK\MFMobileJoystick_structs.hpp">
      <Filter>Header Files</Filter>
    </ClInclude>
    <ClInclude Include="SDK\MFNPCAI_classes.hpp">
      <Filter>Header Files</Filter>
    </ClInclude>
    <ClInclude Include="SDK\MFNPCAI_parameters.hpp">
      <Filter>Header Files</Filter>
    </ClInclude>
    <ClInclude Include="SDK\MFNPCAI_structs.hpp">
      <Filter>Header Files</Filter>
    </ClInclude>
    <ClInclude Include="SDK\MFNumKeyboard_classes.hpp">
      <Filter>Header Files</Filter>
    </ClInclude>
    <ClInclude Include="SDK\MFNumKeyboard_parameters.hpp">
      <Filter>Header Files</Filter>
    </ClInclude>
    <ClInclude Include="SDK\MFPluginWrapper_classes.hpp">
      <Filter>Header Files</Filter>
    </ClInclude>
    <ClInclude Include="SDK\MFPluginWrapper_parameters.hpp">
      <Filter>Header Files</Filter>
    </ClInclude>
    <ClInclude Include="SDK\MFPluginWrapper_structs.hpp">
      <Filter>Header Files</Filter>
    </ClInclude>
    <ClInclude Include="SDK\MFPreExposureReader_classes.hpp">
      <Filter>Header Files</Filter>
    </ClInclude>
    <ClInclude Include="SDK\MFPreExposureReader_parameters.hpp">
      <Filter>Header Files</Filter>
    </ClInclude>
    <ClInclude Include="SDK\MFPreload_classes.hpp">
      <Filter>Header Files</Filter>
    </ClInclude>
    <ClInclude Include="SDK\MFPreload_structs.hpp">
      <Filter>Header Files</Filter>
    </ClInclude>
    <ClInclude Include="SDK\MFPropsDestruction_classes.hpp">
      <Filter>Header Files</Filter>
    </ClInclude>
    <ClInclude Include="SDK\MFPropsDestruction_parameters.hpp">
      <Filter>Header Files</Filter>
    </ClInclude>
    <ClInclude Include="SDK\MFPropsDestruction_structs.hpp">
      <Filter>Header Files</Filter>
    </ClInclude>
    <ClInclude Include="SDK\MFQCloud_classes.hpp">
      <Filter>Header Files</Filter>
    </ClInclude>
    <ClInclude Include="SDK\MFQCloud_parameters.hpp">
      <Filter>Header Files</Filter>
    </ClInclude>
    <ClInclude Include="SDK\MFQuestSystem_classes.hpp">
      <Filter>Header Files</Filter>
    </ClInclude>
    <ClInclude Include="SDK\MFQuestSystem_parameters.hpp">
      <Filter>Header Files</Filter>
    </ClInclude>
    <ClInclude Include="SDK\MFQuestSystem_structs.hpp">
      <Filter>Header Files</Filter>
    </ClInclude>
    <ClInclude Include="SDK\MFRelightableReflection_classes.hpp">
      <Filter>Header Files</Filter>
    </ClInclude>
    <ClInclude Include="SDK\MFRelightableReflection_parameters.hpp">
      <Filter>Header Files</Filter>
    </ClInclude>
    <ClInclude Include="SDK\MFRelightingPortal_classes.hpp">
      <Filter>Header Files</Filter>
    </ClInclude>
    <ClInclude Include="SDK\MFRelightingPortal_structs.hpp">
      <Filter>Header Files</Filter>
    </ClInclude>
    <ClInclude Include="SDK\MFReplaySystem_classes.hpp">
      <Filter>Header Files</Filter>
    </ClInclude>
    <ClInclude Include="SDK\MFReplaySystem_parameters.hpp">
      <Filter>Header Files</Filter>
    </ClInclude>
    <ClInclude Include="SDK\MFReplaySystem_structs.hpp">
      <Filter>Header Files</Filter>
    </ClInclude>
    <ClInclude Include="SDK\MFSceneryRuntime_classes.hpp">
      <Filter>Header Files</Filter>
    </ClInclude>
    <ClInclude Include="SDK\MFSceneryRuntime_structs.hpp">
      <Filter>Header Files</Filter>
    </ClInclude>
    <ClInclude Include="SDK\MFSubMeshDecal_classes.hpp">
      <Filter>Header Files</Filter>
    </ClInclude>
    <ClInclude Include="SDK\MFSubMeshDecal_parameters.hpp">
      <Filter>Header Files</Filter>
    </ClInclude>
    <ClInclude Include="SDK\MFVolumetricLightmap_classes.hpp">
      <Filter>Header Files</Filter>
    </ClInclude>
    <ClInclude Include="SDK\MFVolumetricLightmapRenderer_classes.hpp">
      <Filter>Header Files</Filter>
    </ClInclude>
    <ClInclude Include="SDK\MFVoxelEnv_classes.hpp">
      <Filter>Header Files</Filter>
    </ClInclude>
    <ClInclude Include="SDK\MFVoxelEnv_parameters.hpp">
      <Filter>Header Files</Filter>
    </ClInclude>
    <ClInclude Include="SDK\MFVoxelEnv_structs.hpp">
      <Filter>Header Files</Filter>
    </ClInclude>
    <ClInclude Include="SDK\MFVoxelReflectionRuntime_classes.hpp">
      <Filter>Header Files</Filter>
    </ClInclude>
    <ClInclude Include="SDK\MFVoxelReflectionRuntime_parameters.hpp">
      <Filter>Header Files</Filter>
    </ClInclude>
    <ClInclude Include="SDK\MFVoxelReflectionRuntime_structs.hpp">
      <Filter>Header Files</Filter>
    </ClInclude>
    <ClInclude Include="SDK\MFWeakNetwork_classes.hpp">
      <Filter>Header Files</Filter>
    </ClInclude>
    <ClInclude Include="SDK\MFWeakNetwork_parameters.hpp">
      <Filter>Header Files</Filter>
    </ClInclude>
    <ClInclude Include="SDK\MFWeakNetwork_structs.hpp">
      <Filter>Header Files</Filter>
    </ClInclude>
    <ClInclude Include="SDK\MobilePatchingUtils_classes.hpp">
      <Filter>Header Files</Filter>
    </ClInclude>
    <ClInclude Include="SDK\MobilePatchingUtils_parameters.hpp">
      <Filter>Header Files</Filter>
    </ClInclude>
    <ClInclude Include="SDK\ModelingComponents_classes.hpp">
      <Filter>Header Files</Filter>
    </ClInclude>
    <ClInclude Include="SDK\ModelingComponents_parameters.hpp">
      <Filter>Header Files</Filter>
    </ClInclude>
    <ClInclude Include="SDK\ModelingComponents_structs.hpp">
      <Filter>Header Files</Filter>
    </ClInclude>
    <ClInclude Include="SDK\ModelingOperators_structs.hpp">
      <Filter>Header Files</Filter>
    </ClInclude>
    <ClInclude Include="SDK\MotionWarping_classes.hpp">
      <Filter>Header Files</Filter>
    </ClInclude>
    <ClInclude Include="SDK\MotionWarping_parameters.hpp">
      <Filter>Header Files</Filter>
    </ClInclude>
    <ClInclude Include="SDK\MotionWarping_structs.hpp">
      <Filter>Header Files</Filter>
    </ClInclude>
    <ClInclude Include="SDK\MotoSynth_classes.hpp">
      <Filter>Header Files</Filter>
    </ClInclude>
    <ClInclude Include="SDK\MotoSynth_parameters.hpp">
      <Filter>Header Files</Filter>
    </ClInclude>
    <ClInclude Include="SDK\MotoSynth_structs.hpp">
      <Filter>Header Files</Filter>
    </ClInclude>
    <ClInclude Include="SDK\MoviePlayer_classes.hpp">
      <Filter>Header Files</Filter>
    </ClInclude>
    <ClInclude Include="SDK\MoviePlayer_structs.hpp">
      <Filter>Header Files</Filter>
    </ClInclude>
    <ClInclude Include="SDK\MovieScene_classes.hpp">
      <Filter>Header Files</Filter>
    </ClInclude>
    <ClInclude Include="SDK\MovieScene_parameters.hpp">
      <Filter>Header Files</Filter>
    </ClInclude>
    <ClInclude Include="SDK\MovieScene_structs.hpp">
      <Filter>Header Files</Filter>
    </ClInclude>
    <ClInclude Include="SDK\MovieSceneCapture_classes.hpp">
      <Filter>Header Files</Filter>
    </ClInclude>
    <ClInclude Include="SDK\MovieSceneCapture_parameters.hpp">
      <Filter>Header Files</Filter>
    </ClInclude>
    <ClInclude Include="SDK\MovieSceneCapture_structs.hpp">
      <Filter>Header Files</Filter>
    </ClInclude>
    <ClInclude Include="SDK\MovieSceneTracks_classes.hpp">
      <Filter>Header Files</Filter>
    </ClInclude>
    <ClInclude Include="SDK\MovieSceneTracks_parameters.hpp">
      <Filter>Header Files</Filter>
    </ClInclude>
    <ClInclude Include="SDK\MovieSceneTracks_structs.hpp">
      <Filter>Header Files</Filter>
    </ClInclude>
    <ClInclude Include="SDK\MRMesh_classes.hpp">
      <Filter>Header Files</Filter>
    </ClInclude>
    <ClInclude Include="SDK\MRMesh_parameters.hpp">
      <Filter>Header Files</Filter>
    </ClInclude>
    <ClInclude Include="SDK\MRMesh_structs.hpp">
      <Filter>Header Files</Filter>
    </ClInclude>
    <ClInclude Include="SDK\NavigationSystem_classes.hpp">
      <Filter>Header Files</Filter>
    </ClInclude>
    <ClInclude Include="SDK\NavigationSystem_parameters.hpp">
      <Filter>Header Files</Filter>
    </ClInclude>
    <ClInclude Include="SDK\NavigationSystem_structs.hpp">
      <Filter>Header Files</Filter>
    </ClInclude>
    <ClInclude Include="SDK\NetCore_classes.hpp">
      <Filter>Header Files</Filter>
    </ClInclude>
    <ClInclude Include="SDK\NetCore_structs.hpp">
      <Filter>Header Files</Filter>
    </ClInclude>
    <ClInclude Include="SDK\Niagara_classes.hpp">
      <Filter>Header Files</Filter>
    </ClInclude>
    <ClInclude Include="SDK\Niagara_parameters.hpp">
      <Filter>Header Files</Filter>
    </ClInclude>
    <ClInclude Include="SDK\Niagara_structs.hpp">
      <Filter>Header Files</Filter>
    </ClInclude>
    <ClInclude Include="SDK\NiagaraAnimNotifies_classes.hpp">
      <Filter>Header Files</Filter>
    </ClInclude>
    <ClInclude Include="SDK\NiagaraAnimNotifies_parameters.hpp">
      <Filter>Header Files</Filter>
    </ClInclude>
    <ClInclude Include="SDK\NiagaraCore_classes.hpp">
      <Filter>Header Files</Filter>
    </ClInclude>
    <ClInclude Include="SDK\NiagaraCore_structs.hpp">
      <Filter>Header Files</Filter>
    </ClInclude>
    <ClInclude Include="SDK\NiagaraShader_classes.hpp">
      <Filter>Header Files</Filter>
    </ClInclude>
    <ClInclude Include="SDK\NiagaraShader_structs.hpp">
      <Filter>Header Files</Filter>
    </ClInclude>
    <ClInclude Include="SDK\OBJPool_classes.hpp">
      <Filter>Header Files</Filter>
    </ClInclude>
    <ClInclude Include="SDK\OBJPool_parameters.hpp">
      <Filter>Header Files</Filter>
    </ClInclude>
    <ClInclude Include="SDK\OBJPool_structs.hpp">
      <Filter>Header Files</Filter>
    </ClInclude>
    <ClInclude Include="SDK\OnlineSubsystem_classes.hpp">
      <Filter>Header Files</Filter>
    </ClInclude>
    <ClInclude Include="SDK\OnlineSubsystem_parameters.hpp">
      <Filter>Header Files</Filter>
    </ClInclude>
    <ClInclude Include="SDK\OnlineSubsystem_structs.hpp">
      <Filter>Header Files</Filter>
    </ClInclude>
    <ClInclude Include="SDK\OnlineSubsystemSteam_classes.hpp">
      <Filter>Header Files</Filter>
    </ClInclude>
    <ClInclude Include="SDK\OnlineSubsystemUtils_classes.hpp">
      <Filter>Header Files</Filter>
    </ClInclude>
    <ClInclude Include="SDK\OnlineSubsystemUtils_parameters.hpp">
      <Filter>Header Files</Filter>
    </ClInclude>
    <ClInclude Include="SDK\OnlineSubsystemUtils_structs.hpp">
      <Filter>Header Files</Filter>
    </ClInclude>
    <ClInclude Include="SDK\OodleNetworkHandlerComponent_classes.hpp">
      <Filter>Header Files</Filter>
    </ClInclude>
    <ClInclude Include="SDK\OodleNetworkHandlerComponent_structs.hpp">
      <Filter>Header Files</Filter>
    </ClInclude>
    <ClInclude Include="SDK\Overlay_classes.hpp">
      <Filter>Header Files</Filter>
    </ClInclude>
    <ClInclude Include="SDK\Overlay_structs.hpp">
      <Filter>Header Files</Filter>
    </ClInclude>
    <ClInclude Include="SDK\PacketHandler_classes.hpp">
      <Filter>Header Files</Filter>
    </ClInclude>
    <ClInclude Include="SDK\Paper2D_classes.hpp">
      <Filter>Header Files</Filter>
    </ClInclude>
    <ClInclude Include="SDK\Paper2D_parameters.hpp">
      <Filter>Header Files</Filter>
    </ClInclude>
    <ClInclude Include="SDK\Paper2D_structs.hpp">
      <Filter>Header Files</Filter>
    </ClInclude>
    <ClInclude Include="SDK\PhysicsCore_classes.hpp">
      <Filter>Header Files</Filter>
    </ClInclude>
    <ClInclude Include="SDK\PhysicsCore_structs.hpp">
      <Filter>Header Files</Filter>
    </ClInclude>
    <ClInclude Include="SDK\PhysXVehicles_classes.hpp">
      <Filter>Header Files</Filter>
    </ClInclude>
    <ClInclude Include="SDK\PhysXVehicles_parameters.hpp">
      <Filter>Header Files</Filter>
    </ClInclude>
    <ClInclude Include="SDK\PhysXVehicles_structs.hpp">
      <Filter>Header Files</Filter>
    </ClInclude>
    <ClInclude Include="SDK\PixUI_classes.hpp">
      <Filter>Header Files</Filter>
    </ClInclude>
    <ClInclude Include="SDK\PixUI_parameters.hpp">
      <Filter>Header Files</Filter>
    </ClInclude>
    <ClInclude Include="SDK\PixUI_structs.hpp">
      <Filter>Header Files</Filter>
    </ClInclude>
    <ClInclude Include="SDK\PortalRpc_structs.hpp">
      <Filter>Header Files</Filter>
    </ClInclude>
    <ClInclude Include="SDK\PortalServices_structs.hpp">
      <Filter>Header Files</Filter>
    </ClInclude>
    <ClInclude Include="SDK\ProceduralMeshComponent_classes.hpp">
      <Filter>Header Files</Filter>
    </ClInclude>
    <ClInclude Include="SDK\ProceduralMeshComponent_parameters.hpp">
      <Filter>Header Files</Filter>
    </ClInclude>
    <ClInclude Include="SDK\ProceduralMeshComponent_structs.hpp">
      <Filter>Header Files</Filter>
    </ClInclude>
    <ClInclude Include="SDK\PropertyAccess_classes.hpp">
      <Filter>Header Files</Filter>
    </ClInclude>
    <ClInclude Include="SDK\PropertyAccess_structs.hpp">
      <Filter>Header Files</Filter>
    </ClInclude>
    <ClInclude Include="SDK\PropertyPath_structs.hpp">
      <Filter>Header Files</Filter>
    </ClInclude>
    <ClInclude Include="SDK\ReliefMapping_classes.hpp">
      <Filter>Header Files</Filter>
    </ClInclude>
    <ClInclude Include="SDK\ReliefMapping_parameters.hpp">
      <Filter>Header Files</Filter>
    </ClInclude>
    <ClInclude Include="SDK\ReliefMapping_structs.hpp">
      <Filter>Header Files</Filter>
    </ClInclude>
    <ClInclude Include="SDK\RemoteConsole_classes.hpp">
      <Filter>Header Files</Filter>
    </ClInclude>
    <ClInclude Include="SDK\Renderer_classes.hpp">
      <Filter>Header Files</Filter>
    </ClInclude>
    <ClInclude Include="SDK\Renderer_parameters.hpp">
      <Filter>Header Files</Filter>
    </ClInclude>
    <ClInclude Include="SDK\Renderer_structs.hpp">
      <Filter>Header Files</Filter>
    </ClInclude>
    <ClInclude Include="SDK\RenderingHooker_classes.hpp">
      <Filter>Header Files</Filter>
    </ClInclude>
    <ClInclude Include="SDK\ReplayClient_classes.hpp">
      <Filter>Header Files</Filter>
    </ClInclude>
    <ClInclude Include="SDK\ReplicationGraph_classes.hpp">
      <Filter>Header Files</Filter>
    </ClInclude>
    <ClInclude Include="SDK\ReplicationGraph_parameters.hpp">
      <Filter>Header Files</Filter>
    </ClInclude>
    <ClInclude Include="SDK\ReplicationGraph_structs.hpp">
      <Filter>Header Files</Filter>
    </ClInclude>
    <ClInclude Include="SDK\RichTextBlockWidget_classes.hpp">
      <Filter>Header Files</Filter>
    </ClInclude>
    <ClInclude Include="SDK\RichTextBlockWidget_parameters.hpp">
      <Filter>Header Files</Filter>
    </ClInclude>
    <ClInclude Include="SDK\RigLogicModule_classes.hpp">
      <Filter>Header Files</Filter>
    </ClInclude>
    <ClInclude Include="SDK\RigLogicModule_structs.hpp">
      <Filter>Header Files</Filter>
    </ClInclude>
    <ClInclude Include="SDK\RigVM_classes.hpp">
      <Filter>Header Files</Filter>
    </ClInclude>
    <ClInclude Include="SDK\RigVM_parameters.hpp">
      <Filter>Header Files</Filter>
    </ClInclude>
    <ClInclude Include="SDK\RigVM_structs.hpp">
      <Filter>Header Files</Filter>
    </ClInclude>
    <ClInclude Include="SDK\Serialization_structs.hpp">
      <Filter>Header Files</Filter>
    </ClInclude>
    <ClInclude Include="SDK\SessionMessages_structs.hpp">
      <Filter>Header Files</Filter>
    </ClInclude>
    <ClInclude Include="SDK\SGFramework_classes.hpp">
      <Filter>Header Files</Filter>
    </ClInclude>
    <ClInclude Include="SDK\SGFramework_parameters.hpp">
      <Filter>Header Files</Filter>
    </ClInclude>
    <ClInclude Include="SDK\SGFramework_structs.hpp">
      <Filter>Header Files</Filter>
    </ClInclude>
    <ClInclude Include="SDK\SignificanceManager_classes.hpp">
      <Filter>Header Files</Filter>
    </ClInclude>
    <ClInclude Include="SDK\Slate_classes.hpp">
      <Filter>Header Files</Filter>
    </ClInclude>
    <ClInclude Include="SDK\Slate_structs.hpp">
      <Filter>Header Files</Filter>
    </ClInclude>
    <ClInclude Include="SDK\SlateCore_classes.hpp">
      <Filter>Header Files</Filter>
    </ClInclude>
    <ClInclude Include="SDK\SlateCore_structs.hpp">
      <Filter>Header Files</Filter>
    </ClInclude>
    <ClInclude Include="SDK\SpinePlugin_classes.hpp">
      <Filter>Header Files</Filter>
    </ClInclude>
    <ClInclude Include="SDK\SpinePlugin_parameters.hpp">
      <Filter>Header Files</Filter>
    </ClInclude>
    <ClInclude Include="SDK\SpinePlugin_structs.hpp">
      <Filter>Header Files</Filter>
    </ClInclude>
    <ClInclude Include="SDK\StartupMap_classes.hpp">
      <Filter>Header Files</Filter>
    </ClInclude>
    <ClInclude Include="SDK\StartupMap_parameters.hpp">
      <Filter>Header Files</Filter>
    </ClInclude>
    <ClInclude Include="SDK\StaticMeshDescription_classes.hpp">
      <Filter>Header Files</Filter>
    </ClInclude>
    <ClInclude Include="SDK\StaticMeshDescription_parameters.hpp">
      <Filter>Header Files</Filter>
    </ClInclude>
    <ClInclude Include="SDK\StaticMeshDescription_structs.hpp">
      <Filter>Header Files</Filter>
    </ClInclude>
    <ClInclude Include="SDK\SubstanceCore_classes.hpp">
      <Filter>Header Files</Filter>
    </ClInclude>
    <ClInclude Include="SDK\SubstanceCore_parameters.hpp">
      <Filter>Header Files</Filter>
    </ClInclude>
    <ClInclude Include="SDK\SubstanceCore_structs.hpp">
      <Filter>Header Files</Filter>
    </ClInclude>
    <ClInclude Include="SDK\TcpMessaging_classes.hpp">
      <Filter>Header Files</Filter>
    </ClInclude>
    <ClInclude Include="SDK\TimeManagement_classes.hpp">
      <Filter>Header Files</Filter>
    </ClInclude>
    <ClInclude Include="SDK\TimeManagement_parameters.hpp">
      <Filter>Header Files</Filter>
    </ClInclude>
    <ClInclude Include="SDK\TimeManagement_structs.hpp">
      <Filter>Header Files</Filter>
    </ClInclude>
    <ClInclude Include="SDK\UACommon_classes.hpp">
      <Filter>Header Files</Filter>
    </ClInclude>
    <ClInclude Include="SDK\UACommon_parameters.hpp">
      <Filter>Header Files</Filter>
    </ClInclude>
    <ClInclude Include="SDK\UACommon_structs.hpp">
      <Filter>Header Files</Filter>
    </ClInclude>
    <ClInclude Include="SDK\UADataTableModule_structs.hpp">
      <Filter>Header Files</Filter>
    </ClInclude>
    <ClInclude Include="SDK\UAGame_classes.hpp">
      <Filter>Header Files</Filter>
    </ClInclude>
    <ClInclude Include="SDK\UAGame_parameters.hpp">
      <Filter>Header Files</Filter>
    </ClInclude>
    <ClInclude Include="SDK\UAGame_structs.hpp">
      <Filter>Header Files</Filter>
    </ClInclude>
    <ClInclude Include="SDK\UAGraphicsCommonRuntime_classes.hpp">
      <Filter>Header Files</Filter>
    </ClInclude>
    <ClInclude Include="SDK\UAGraphicsCommonRuntime_parameters.hpp">
      <Filter>Header Files</Filter>
    </ClInclude>
    <ClInclude Include="SDK\UAGraphicsCommonRuntime_structs.hpp">
      <Filter>Header Files</Filter>
    </ClInclude>
    <ClInclude Include="SDK\UAMFClimateRuntime_classes.hpp">
      <Filter>Header Files</Filter>
    </ClInclude>
    <ClInclude Include="SDK\UAMFClimateRuntime_parameters.hpp">
      <Filter>Header Files</Filter>
    </ClInclude>
    <ClInclude Include="SDK\UAMFClimateRuntime_structs.hpp">
      <Filter>Header Files</Filter>
    </ClInclude>
    <ClInclude Include="SDK\UATypeWriterText_HD_classes.hpp">
      <Filter>Header Files</Filter>
    </ClInclude>
    <ClInclude Include="SDK\UATypeWriterText_HD_parameters.hpp">
      <Filter>Header Files</Filter>
    </ClInclude>
    <ClInclude Include="SDK\UdpMessaging_classes.hpp">
      <Filter>Header Files</Filter>
    </ClInclude>
    <ClInclude Include="SDK\UdpMessaging_structs.hpp">
      <Filter>Header Files</Filter>
    </ClInclude>
    <ClInclude Include="SDK\UFix_classes.hpp">
      <Filter>Header Files</Filter>
    </ClInclude>
    <ClInclude Include="SDK\UFix_parameters.hpp">
      <Filter>Header Files</Filter>
    </ClInclude>
    <ClInclude Include="SDK\UFix_structs.hpp">
      <Filter>Header Files</Filter>
    </ClInclude>
    <ClInclude Include="SDK\UIParticleSystem_classes.hpp">
      <Filter>Header Files</Filter>
    </ClInclude>
    <ClInclude Include="SDK\UIParticleSystem_parameters.hpp">
      <Filter>Header Files</Filter>
    </ClInclude>
    <ClInclude Include="SDK\UMG_classes.hpp">
      <Filter>Header Files</Filter>
    </ClInclude>
    <ClInclude Include="SDK\UMG_parameters.hpp">
      <Filter>Header Files</Filter>
    </ClInclude>
    <ClInclude Include="SDK\UMG_structs.hpp">
      <Filter>Header Files</Filter>
    </ClInclude>
    <ClInclude Include="SDK\UMGExtend_classes.hpp">
      <Filter>Header Files</Filter>
    </ClInclude>
    <ClInclude Include="SDK\UnLua_classes.hpp">
      <Filter>Header Files</Filter>
    </ClInclude>
    <ClInclude Include="SDK\UnLua_parameters.hpp">
      <Filter>Header Files</Filter>
    </ClInclude>
    <ClInclude Include="SDK\UnLua_structs.hpp">
      <Filter>Header Files</Filter>
    </ClInclude>
    <ClInclude Include="SDK\UpdateNoticePage_classes.hpp">
      <Filter>Header Files</Filter>
    </ClInclude>
    <ClInclude Include="SDK\UpdateNoticePage_parameters.hpp">
      <Filter>Header Files</Filter>
    </ClInclude>
    <ClInclude Include="SDK\UpdateNoticePage_V2_classes.hpp">
      <Filter>Header Files</Filter>
    </ClInclude>
    <ClInclude Include="SDK\UpdateNoticePage_V2_parameters.hpp">
      <Filter>Header Files</Filter>
    </ClInclude>
    <ClInclude Include="SDK\VariantManagerContent_classes.hpp">
      <Filter>Header Files</Filter>
    </ClInclude>
    <ClInclude Include="SDK\VariantManagerContent_parameters.hpp">
      <Filter>Header Files</Filter>
    </ClInclude>
    <ClInclude Include="SDK\VariantManagerContent_structs.hpp">
      <Filter>Header Files</Filter>
    </ClInclude>
    <ClInclude Include="SDK\VectorVM_structs.hpp">
      <Filter>Header Files</Filter>
    </ClInclude>
    <ClInclude Include="SDK\WindowsDevicePermission_classes.hpp">
      <Filter>Header Files</Filter>
    </ClInclude>
    <ClInclude Include="SDK\WindowsDevicePermission_parameters.hpp">
      <Filter>Header Files</Filter>
    </ClInclude>
    <ClInclude Include="SDK\WindowsDevicePermission_structs.hpp">
      <Filter>Header Files</Filter>
    </ClInclude>
    <ClInclude Include="SDK\WmfMediaFactory_classes.hpp">
      <Filter>Header Files</Filter>
    </ClInclude>
  </ItemGroup>
</Project>